
Microsoft Visual Studio Solution File, Format Version 12.00
# Visual Studio Version 17
VisualStudioVersion = 17.7.34018.315
MinimumVisualStudioVersion = 10.0.40219.1
Project("{FAE04EC0-301F-11D3-BF4B-00C04F79EFBC}") = "ListaExercicios", "ListaExercicios\ListaExercicios.csproj", "{749E8143-2A7D-4C29-AB29-D7202C9EBCF5}"
EndProject
Global
	GlobalSection(SolutionConfigurationPlatforms) = preSolution
		Debug|Any CPU = Debug|Any CPU
		Release|Any CPU = Release|Any CPU
	EndGlobalSection
	GlobalSection(ProjectConfigurationPlatforms) = postSolution
		{749E8143-2A7D-4C29-AB29-D7202C9EBCF5}.Debug|Any CPU.ActiveCfg = Debug|Any CPU
		{749E8143-2A7D-4C29-AB29-D7202C9EBCF5}.Debug|Any CPU.Build.0 = Debug|Any CPU
		{749E8143-2A7D-4C29-AB29-D7202C9EBCF5}.Release|Any CPU.ActiveCfg = Release|Any CPU
		{749E8143-2A7D-4C29-AB29-D7202C9EBCF5}.Release|Any CPU.Build.0 = Release|Any CPU
	EndGlobalSection
	GlobalSection(SolutionProperties) = preSolution
		HideSolutionNode = FALSE
	EndGlobalSection
	GlobalSection(ExtensibilityGlobals) = postSolution
		SolutionGuid = {61162405-619F-4DEA-A5B4-26B52C0EBF6C}
	EndGlobalSection
EndGlobal
